{
  "version": "5",
  "specifiers": {
    "jsr:@gnome/char@0.1": "0.1.0",
    "jsr:@gnome/char@^0.0.0": "0.0.0",
    "jsr:@gnome/env@0.3": "0.3.0",
    "jsr:@gnome/errors@0.1": "0.1.0",
    "jsr:@gnome/errors@0.2": "0.2.0",
    "jsr:@gnome/errors@^0.0.0": "0.0.0",
    "jsr:@gnome/exec@~0.5.1": "0.5.1",
    "jsr:@gnome/fs@0.2": "0.2.1",
    "jsr:@gnome/os-constants@0.1": "0.1.0",
    "jsr:@gnome/runtime-constants@0.1": "0.1.0",
    "jsr:@gnome/strings@0.1": "0.1.0",
    "jsr:@gnome/strings@0.2": "0.2.0",
    "jsr:@hono/hono@^4.9.9": "4.9.9",
    "jsr:@spawn/git@^0.0.1": "0.0.1",
    "jsr:@std/assert@0.226": "0.226.0",
    "jsr:@std/collections@^1.1.3": "1.1.3",
    "jsr:@std/dotenv@~0.225.5": "0.225.5",
    "jsr:@std/encoding@~0.224.3": "0.224.3",
    "jsr:@std/fmt@~0.225.4": "0.225.6",
    "jsr:@std/path@~0.225.2": "0.225.2",
    "npm:@tailwindcss/cli@^4.1.14": "4.1.14",
    "npm:@tailwindcss/vite@^4.1.14": "4.1.14_vite@7.1.9__picomatch@4.0.3_@types+node@24.2.0",
    "npm:@types/node@*": "24.2.0",
    "npm:create-hono@latest": "0.19.2",
    "npm:fs-ext@2.0.0": "2.0.0",
    "npm:tailwindcss@^4.1.14": "4.1.14",
    "npm:vite@^7.1.9": "7.1.9_picomatch@4.0.3_@types+node@24.2.0"
  },
  "jsr": {
    "@gnome/char@0.0.0": {
      "integrity": "e4791f67aa6b8e32e603b3e2fd21a3f1d0b4c9a2ac9465ff22a71c8476b24be5"
    },
    "@gnome/char@0.1.0": {
      "integrity": "e581c21a6b4bf56fe1bb4788251b46aeb363f197471c439acc8392eb50eb38aa",
      "dependencies": [
        "jsr:@gnome/errors@0.1"
      ]
    },
    "@gnome/env@0.3.0": {
      "integrity": "f6a4f93413a301ec22b6e0c781c0b2dd952df6fe11ed454156194faee2603cc1",
      "dependencies": [
        "jsr:@gnome/char@^0.0.0",
        "jsr:@gnome/os-constants",
        "jsr:@gnome/runtime-constants",
        "jsr:@gnome/strings@0.2",
        "jsr:@std/encoding"
      ]
    },
    "@gnome/errors@0.0.0": {
      "integrity": "d288a695ea6f368082435382245d69366a26ebae707a78fc573eb6996c55185e"
    },
    "@gnome/errors@0.1.0": {
      "integrity": "2e099e510a33cde103de65a26bd3ea2be022e42e0742ba19be81bb2d9ffa6f61"
    },
    "@gnome/errors@0.2.0": {
      "integrity": "d07f58299b6ddbb3593c90444726a0ad0dfc80c2314262dcaa65f12c3b2d0339",
      "dependencies": [
        "jsr:@std/fmt"
      ]
    },
    "@gnome/exec@0.5.1": {
      "integrity": "b7183700715cd217574afe17d67b30e634cdf8fd60921f07e802ee752a95ab30",
      "dependencies": [
        "jsr:@gnome/env",
        "jsr:@gnome/errors@0.2",
        "jsr:@gnome/fs",
        "jsr:@gnome/os-constants",
        "jsr:@gnome/strings@0.1",
        "jsr:@gnome/strings@0.2",
        "jsr:@std/path"
      ]
    },
    "@gnome/fs@0.2.1": {
      "integrity": "730baabed4af0fa520c76543a2262da2a0d489519487824caa977245a68ab4ee",
      "dependencies": [
        "jsr:@gnome/errors@^0.0.0",
        "jsr:@gnome/os-constants",
        "jsr:@gnome/runtime-constants",
        "jsr:@std/path",
        "npm:fs-ext"
      ]
    },
    "@gnome/os-constants@0.1.0": {
      "integrity": "95c55085a34765235f3b487bcab1ebcdffbd5ab208e4cf4921928ff5355ea4f7",
      "dependencies": [
        "jsr:@gnome/runtime-constants"
      ]
    },
    "@gnome/runtime-constants@0.1.0": {
      "integrity": "6d411882841ce4349873e5f440235872f38c62f8a6baa6c98c9765ab03fd0946"
    },
    "@gnome/strings@0.1.0": {
      "integrity": "67445d4a81188a988e48e8bef8afa7b7c1099b3430a0871a15ee8f5d81368089"
    },
    "@gnome/strings@0.2.0": {
      "integrity": "b61a96087272879397ffce31e18267b28939f98234e280a5eaee367f65be4916",
      "dependencies": [
        "jsr:@gnome/char@0.1",
        "jsr:@gnome/errors@0.1",
        "jsr:@gnome/os-constants"
      ]
    },
    "@hono/hono@4.9.9": {
      "integrity": "1d716e97b71e91b852c70beb85c9d3b236393282c59d5e268b07cfd224a77318"
    },
    "@spawn/git@0.0.1": {
      "integrity": "886690af86a55b455450946c483e0b5e84bcff029c9c6bd143bc2a3c7777991d",
      "dependencies": [
        "jsr:@gnome/exec"
      ]
    },
    "@std/assert@0.226.0": {
      "integrity": "0dfb5f7c7723c18cec118e080fec76ce15b4c31154b15ad2bd74822603ef75b3"
    },
    "@std/collections@1.1.3": {
      "integrity": "bf8b0818886df6a32b64c7d3b037a425111f28278d69fd0995aeb62777c986b0"
    },
    "@std/dotenv@0.225.5": {
      "integrity": "9ce6f9d0ec3311f74a32535aa1b8c62ed88b1ab91b7f0815797d77a6f60c922f"
    },
    "@std/encoding@0.224.3": {
      "integrity": "5e861b6d81be5359fad4155e591acf17c0207b595112d1840998bb9f476dbdaf"
    },
    "@std/fmt@0.225.6": {
      "integrity": "aba6aea27f66813cecfd9484e074a9e9845782ab0685c030e453a8a70b37afc8"
    },
    "@std/path@0.225.2": {
      "integrity": "0f2db41d36b50ef048dcb0399aac720a5348638dd3cb5bf80685bf2a745aa506",
      "dependencies": [
        "jsr:@std/assert"
      ]
    }
  },
  "npm": {
    "@esbuild/aix-ppc64@0.25.10": {
      "integrity": "sha512-0NFWnA+7l41irNuaSVlLfgNT12caWJVLzp5eAVhZ0z1qpxbockccEt3s+149rE64VUI3Ml2zt8Nv5JVc4QXTsw==",
      "os": ["aix"],
      "cpu": ["ppc64"]
    },
    "@esbuild/android-arm64@0.25.10": {
      "integrity": "sha512-LSQa7eDahypv/VO6WKohZGPSJDq5OVOo3UoFR1E4t4Gj1W7zEQMUhI+lo81H+DtB+kP+tDgBp+M4oNCwp6kffg==",
      "os": ["android"],
      "cpu": ["arm64"]
    },
    "@esbuild/android-arm@0.25.10": {
      "integrity": "sha512-dQAxF1dW1C3zpeCDc5KqIYuZ1tgAdRXNoZP7vkBIRtKZPYe2xVr/d3SkirklCHudW1B45tGiUlz2pUWDfbDD4w==",
      "os": ["android"],
      "cpu": ["arm"]
    },
    "@esbuild/android-x64@0.25.10": {
      "integrity": "sha512-MiC9CWdPrfhibcXwr39p9ha1x0lZJ9KaVfvzA0Wxwz9ETX4v5CHfF09bx935nHlhi+MxhA63dKRRQLiVgSUtEg==",
      "os": ["android"],
      "cpu": ["x64"]
    },
    "@esbuild/darwin-arm64@0.25.10": {
      "integrity": "sha512-JC74bdXcQEpW9KkV326WpZZjLguSZ3DfS8wrrvPMHgQOIEIG/sPXEN/V8IssoJhbefLRcRqw6RQH2NnpdprtMA==",
      "os": ["darwin"],
      "cpu": ["arm64"]
    },
    "@esbuild/darwin-x64@0.25.10": {
      "integrity": "sha512-tguWg1olF6DGqzws97pKZ8G2L7Ig1vjDmGTwcTuYHbuU6TTjJe5FXbgs5C1BBzHbJ2bo1m3WkQDbWO2PvamRcg==",
      "os": ["darwin"],
      "cpu": ["x64"]
    },
    "@esbuild/freebsd-arm64@0.25.10": {
      "integrity": "sha512-3ZioSQSg1HT2N05YxeJWYR+Libe3bREVSdWhEEgExWaDtyFbbXWb49QgPvFH8u03vUPX10JhJPcz7s9t9+boWg==",
      "os": ["freebsd"],
      "cpu": ["arm64"]
    },
    "@esbuild/freebsd-x64@0.25.10": {
      "integrity": "sha512-LLgJfHJk014Aa4anGDbh8bmI5Lk+QidDmGzuC2D+vP7mv/GeSN+H39zOf7pN5N8p059FcOfs2bVlrRr4SK9WxA==",
      "os": ["freebsd"],
      "cpu": ["x64"]
    },
    "@esbuild/linux-arm64@0.25.10": {
      "integrity": "sha512-5luJWN6YKBsawd5f9i4+c+geYiVEw20FVW5x0v1kEMWNq8UctFjDiMATBxLvmmHA4bf7F6hTRaJgtghFr9iziQ==",
      "os": ["linux"],
      "cpu": ["arm64"]
    },
    "@esbuild/linux-arm@0.25.10": {
      "integrity": "sha512-oR31GtBTFYCqEBALI9r6WxoU/ZofZl962pouZRTEYECvNF/dtXKku8YXcJkhgK/beU+zedXfIzHijSRapJY3vg==",
      "os": ["linux"],
      "cpu": ["arm"]
    },
    "@esbuild/linux-ia32@0.25.10": {
      "integrity": "sha512-NrSCx2Kim3EnnWgS4Txn0QGt0Xipoumb6z6sUtl5bOEZIVKhzfyp/Lyw4C1DIYvzeW/5mWYPBFJU3a/8Yr75DQ==",
      "os": ["linux"],
      "cpu": ["ia32"]
    },
    "@esbuild/linux-loong64@0.25.10": {
      "integrity": "sha512-xoSphrd4AZda8+rUDDfD9J6FUMjrkTz8itpTITM4/xgerAZZcFW7Dv+sun7333IfKxGG8gAq+3NbfEMJfiY+Eg==",
      "os": ["linux"],
      "cpu": ["loong64"]
    },
    "@esbuild/linux-mips64el@0.25.10": {
      "integrity": "sha512-ab6eiuCwoMmYDyTnyptoKkVS3k8fy/1Uvq7Dj5czXI6DF2GqD2ToInBI0SHOp5/X1BdZ26RKc5+qjQNGRBelRA==",
      "os": ["linux"],
      "cpu": ["mips64el"]
    },
    "@esbuild/linux-ppc64@0.25.10": {
      "integrity": "sha512-NLinzzOgZQsGpsTkEbdJTCanwA5/wozN9dSgEl12haXJBzMTpssebuXR42bthOF3z7zXFWH1AmvWunUCkBE4EA==",
      "os": ["linux"],
      "cpu": ["ppc64"]
    },
    "@esbuild/linux-riscv64@0.25.10": {
      "integrity": "sha512-FE557XdZDrtX8NMIeA8LBJX3dC2M8VGXwfrQWU7LB5SLOajfJIxmSdyL/gU1m64Zs9CBKvm4UAuBp5aJ8OgnrA==",
      "os": ["linux"],
      "cpu": ["riscv64"]
    },
    "@esbuild/linux-s390x@0.25.10": {
      "integrity": "sha512-3BBSbgzuB9ajLoVZk0mGu+EHlBwkusRmeNYdqmznmMc9zGASFjSsxgkNsqmXugpPk00gJ0JNKh/97nxmjctdew==",
      "os": ["linux"],
      "cpu": ["s390x"]
    },
    "@esbuild/linux-x64@0.25.10": {
      "integrity": "sha512-QSX81KhFoZGwenVyPoberggdW1nrQZSvfVDAIUXr3WqLRZGZqWk/P4T8p2SP+de2Sr5HPcvjhcJzEiulKgnxtA==",
      "os": ["linux"],
      "cpu": ["x64"]
    },
    "@esbuild/netbsd-arm64@0.25.10": {
      "integrity": "sha512-AKQM3gfYfSW8XRk8DdMCzaLUFB15dTrZfnX8WXQoOUpUBQ+NaAFCP1kPS/ykbbGYz7rxn0WS48/81l9hFl3u4A==",
      "os": ["netbsd"],
      "cpu": ["arm64"]
    },
    "@esbuild/netbsd-x64@0.25.10": {
      "integrity": "sha512-7RTytDPGU6fek/hWuN9qQpeGPBZFfB4zZgcz2VK2Z5VpdUxEI8JKYsg3JfO0n/Z1E/6l05n0unDCNc4HnhQGig==",
      "os": ["netbsd"],
      "cpu": ["x64"]
    },
    "@esbuild/openbsd-arm64@0.25.10": {
      "integrity": "sha512-5Se0VM9Wtq797YFn+dLimf2Zx6McttsH2olUBsDml+lm0GOCRVebRWUvDtkY4BWYv/3NgzS8b/UM3jQNh5hYyw==",
      "os": ["openbsd"],
      "cpu": ["arm64"]
    },
    "@esbuild/openbsd-x64@0.25.10": {
      "integrity": "sha512-XkA4frq1TLj4bEMB+2HnI0+4RnjbuGZfet2gs/LNs5Hc7D89ZQBHQ0gL2ND6Lzu1+QVkjp3x1gIcPKzRNP8bXw==",
      "os": ["openbsd"],
      "cpu": ["x64"]
    },
    "@esbuild/openharmony-arm64@0.25.10": {
      "integrity": "sha512-AVTSBhTX8Y/Fz6OmIVBip9tJzZEUcY8WLh7I59+upa5/GPhh2/aM6bvOMQySspnCCHvFi79kMtdJS1w0DXAeag==",
      "os": ["openharmony"],
      "cpu": ["arm64"]
    },
    "@esbuild/sunos-x64@0.25.10": {
      "integrity": "sha512-fswk3XT0Uf2pGJmOpDB7yknqhVkJQkAQOcW/ccVOtfx05LkbWOaRAtn5SaqXypeKQra1QaEa841PgrSL9ubSPQ==",
      "os": ["sunos"],
      "cpu": ["x64"]
    },
    "@esbuild/win32-arm64@0.25.10": {
      "integrity": "sha512-ah+9b59KDTSfpaCg6VdJoOQvKjI33nTaQr4UluQwW7aEwZQsbMCfTmfEO4VyewOxx4RaDT/xCy9ra2GPWmO7Kw==",
      "os": ["win32"],
      "cpu": ["arm64"]
    },
    "@esbuild/win32-ia32@0.25.10": {
      "integrity": "sha512-QHPDbKkrGO8/cz9LKVnJU22HOi4pxZnZhhA2HYHez5Pz4JeffhDjf85E57Oyco163GnzNCVkZK0b/n4Y0UHcSw==",
      "os": ["win32"],
      "cpu": ["ia32"]
    },
    "@esbuild/win32-x64@0.25.10": {
      "integrity": "sha512-9KpxSVFCu0iK1owoez6aC/s/EdUQLDN3adTxGCqxMVhrPDj6bt5dbrHDXUuq+Bs2vATFBBrQS5vdQ/Ed2P+nbw==",
      "os": ["win32"],
      "cpu": ["x64"]
    },
    "@isaacs/fs-minipass@4.0.1": {
      "integrity": "sha512-wgm9Ehl2jpeqP3zw/7mo3kRHFp5MEDhqAdwy1fTGkHAwnkGOVsgpvQhL8B5n1qlb01jV3n/bI0ZfZp5lWA1k4w==",
      "dependencies": [
        "minipass"
      ]
    },
    "@jridgewell/gen-mapping@0.3.13": {
      "integrity": "sha512-2kkt/7niJ6MgEPxF0bYdQ6etZaA+fQvDcLKckhy1yIQOzaoKjBBjSj63/aLVjYE3qhRt5dvM+uUyfCg6UKCBbA==",
      "dependencies": [
        "@jridgewell/sourcemap-codec",
        "@jridgewell/trace-mapping"
      ]
    },
    "@jridgewell/remapping@2.3.5": {
      "integrity": "sha512-LI9u/+laYG4Ds1TDKSJW2YPrIlcVYOwi2fUC6xB43lueCjgxV4lffOCZCtYFiH6TNOX+tQKXx97T4IKHbhyHEQ==",
      "dependencies": [
        "@jridgewell/gen-mapping",
        "@jridgewell/trace-mapping"
      ]
    },
    "@jridgewell/resolve-uri@3.1.2": {
      "integrity": "sha512-bRISgCIjP20/tbWSPWMEi54QVPRZExkuD9lJL+UIxUKtwVJA8wW1Trb1jMs1RFXo1CBTNZ/5hpC9QvmKWdopKw=="
    },
    "@jridgewell/sourcemap-codec@1.5.5": {
      "integrity": "sha512-cYQ9310grqxueWbl+WuIUIaiUaDcj7WOq5fVhEljNVgRfOUhY9fy2zTvfoqWsnebh8Sl70VScFbICvJnLKB0Og=="
    },
    "@jridgewell/trace-mapping@0.3.31": {
      "integrity": "sha512-zzNR+SdQSDJzc8joaeP8QQoCQr8NuYx2dIIytl1QeBEZHJ9uW6hebsrYgbz8hJwUQao3TWCMtmfV8Nu1twOLAw==",
      "dependencies": [
        "@jridgewell/resolve-uri",
        "@jridgewell/sourcemap-codec"
      ]
    },
    "@parcel/watcher-android-arm64@2.5.1": {
      "integrity": "sha512-KF8+j9nNbUN8vzOFDpRMsaKBHZ/mcjEjMToVMJOhTozkDonQFFrRcfdLWn6yWKCmJKmdVxSgHiYvTCef4/qcBA==",
      "os": ["android"],
      "cpu": ["arm64"]
    },
    "@parcel/watcher-darwin-arm64@2.5.1": {
      "integrity": "sha512-eAzPv5osDmZyBhou8PoF4i6RQXAfeKL9tjb3QzYuccXFMQU0ruIc/POh30ePnaOyD1UXdlKguHBmsTs53tVoPw==",
      "os": ["darwin"],
      "cpu": ["arm64"]
    },
    "@parcel/watcher-darwin-x64@2.5.1": {
      "integrity": "sha512-1ZXDthrnNmwv10A0/3AJNZ9JGlzrF82i3gNQcWOzd7nJ8aj+ILyW1MTxVk35Db0u91oD5Nlk9MBiujMlwmeXZg==",
      "os": ["darwin"],
      "cpu": ["x64"]
    },
    "@parcel/watcher-freebsd-x64@2.5.1": {
      "integrity": "sha512-SI4eljM7Flp9yPuKi8W0ird8TI/JK6CSxju3NojVI6BjHsTyK7zxA9urjVjEKJ5MBYC+bLmMcbAWlZ+rFkLpJQ==",
      "os": ["freebsd"],
      "cpu": ["x64"]
    },
    "@parcel/watcher-linux-arm-glibc@2.5.1": {
      "integrity": "sha512-RCdZlEyTs8geyBkkcnPWvtXLY44BCeZKmGYRtSgtwwnHR4dxfHRG3gR99XdMEdQ7KeiDdasJwwvNSF5jKtDwdA==",
      "os": ["linux"],
      "cpu": ["arm"]
    },
    "@parcel/watcher-linux-arm-musl@2.5.1": {
      "integrity": "sha512-6E+m/Mm1t1yhB8X412stiKFG3XykmgdIOqhjWj+VL8oHkKABfu/gjFj8DvLrYVHSBNC+/u5PeNrujiSQ1zwd1Q==",
      "os": ["linux"],
      "cpu": ["arm"]
    },
    "@parcel/watcher-linux-arm64-glibc@2.5.1": {
      "integrity": "sha512-LrGp+f02yU3BN9A+DGuY3v3bmnFUggAITBGriZHUREfNEzZh/GO06FF5u2kx8x+GBEUYfyTGamol4j3m9ANe8w==",
      "os": ["linux"],
      "cpu": ["arm64"]
    },
    "@parcel/watcher-linux-arm64-musl@2.5.1": {
      "integrity": "sha512-cFOjABi92pMYRXS7AcQv9/M1YuKRw8SZniCDw0ssQb/noPkRzA+HBDkwmyOJYp5wXcsTrhxO0zq1U11cK9jsFg==",
      "os": ["linux"],
      "cpu": ["arm64"]
    },
    "@parcel/watcher-linux-x64-glibc@2.5.1": {
      "integrity": "sha512-GcESn8NZySmfwlTsIur+49yDqSny2IhPeZfXunQi48DMugKeZ7uy1FX83pO0X22sHntJ4Ub+9k34XQCX+oHt2A==",
      "os": ["linux"],
      "cpu": ["x64"]
    },
    "@parcel/watcher-linux-x64-musl@2.5.1": {
      "integrity": "sha512-n0E2EQbatQ3bXhcH2D1XIAANAcTZkQICBPVaxMeaCVBtOpBZpWJuf7LwyWPSBDITb7In8mqQgJ7gH8CILCURXg==",
      "os": ["linux"],
      "cpu": ["x64"]
    },
    "@parcel/watcher-win32-arm64@2.5.1": {
      "integrity": "sha512-RFzklRvmc3PkjKjry3hLF9wD7ppR4AKcWNzH7kXR7GUe0Igb3Nz8fyPwtZCSquGrhU5HhUNDr/mKBqj7tqA2Vw==",
      "os": ["win32"],
      "cpu": ["arm64"]
    },
    "@parcel/watcher-win32-ia32@2.5.1": {
      "integrity": "sha512-c2KkcVN+NJmuA7CGlaGD1qJh1cLfDnQsHjE89E60vUEMlqduHGCdCLJCID5geFVM0dOtA3ZiIO8BoEQmzQVfpQ==",
      "os": ["win32"],
      "cpu": ["ia32"]
    },
    "@parcel/watcher-win32-x64@2.5.1": {
      "integrity": "sha512-9lHBdJITeNR++EvSQVUcaZoWupyHfXe1jZvGZ06O/5MflPcuPLtEphScIBL+AiCWBO46tDSHzWyD0uDmmZqsgA==",
      "os": ["win32"],
      "cpu": ["x64"]
    },
    "@parcel/watcher@2.5.1": {
      "integrity": "sha512-dfUnCxiN9H4ap84DvD2ubjw+3vUNpstxa0TneY/Paat8a3R4uQZDLSvWjmznAY/DoahqTHl9V46HF/Zs3F29pg==",
      "dependencies": [
        "detect-libc@1.0.3",
        "is-glob",
        "micromatch",
        "node-addon-api"
      ],
      "optionalDependencies": [
        "@parcel/watcher-android-arm64",
        "@parcel/watcher-darwin-arm64",
        "@parcel/watcher-darwin-x64",
        "@parcel/watcher-freebsd-x64",
        "@parcel/watcher-linux-arm-glibc",
        "@parcel/watcher-linux-arm-musl",
        "@parcel/watcher-linux-arm64-glibc",
        "@parcel/watcher-linux-arm64-musl",
        "@parcel/watcher-linux-x64-glibc",
        "@parcel/watcher-linux-x64-musl",
        "@parcel/watcher-win32-arm64",
        "@parcel/watcher-win32-ia32",
        "@parcel/watcher-win32-x64"
      ],
      "scripts": true
    },
    "@rollup/rollup-android-arm-eabi@4.52.4": {
      "integrity": "sha512-BTm2qKNnWIQ5auf4deoetINJm2JzvihvGb9R6K/ETwKLql/Bb3Eg2H1FBp1gUb4YGbydMA3jcmQTR73q7J+GAA==",
      "os": ["android"],
      "cpu": ["arm"]
    },
    "@rollup/rollup-android-arm64@4.52.4": {
      "integrity": "sha512-P9LDQiC5vpgGFgz7GSM6dKPCiqR3XYN1WwJKA4/BUVDjHpYsf3iBEmVz62uyq20NGYbiGPR5cNHI7T1HqxNs2w==",
      "os": ["android"],
      "cpu": ["arm64"]
    },
    "@rollup/rollup-darwin-arm64@4.52.4": {
      "integrity": "sha512-QRWSW+bVccAvZF6cbNZBJwAehmvG9NwfWHwMy4GbWi/BQIA/laTIktebT2ipVjNncqE6GLPxOok5hsECgAxGZg==",
      "os": ["darwin"],
      "cpu": ["arm64"]
    },
    "@rollup/rollup-darwin-x64@4.52.4": {
      "integrity": "sha512-hZgP05pResAkRJxL1b+7yxCnXPGsXU0fG9Yfd6dUaoGk+FhdPKCJ5L1Sumyxn8kvw8Qi5PvQ8ulenUbRjzeCTw==",
      "os": ["darwin"],
      "cpu": ["x64"]
    },
    "@rollup/rollup-freebsd-arm64@4.52.4": {
      "integrity": "sha512-xmc30VshuBNUd58Xk4TKAEcRZHaXlV+tCxIXELiE9sQuK3kG8ZFgSPi57UBJt8/ogfhAF5Oz4ZSUBN77weM+mQ==",
      "os": ["freebsd"],
      "cpu": ["arm64"]
    },
    "@rollup/rollup-freebsd-x64@4.52.4": {
      "integrity": "sha512-WdSLpZFjOEqNZGmHflxyifolwAiZmDQzuOzIq9L27ButpCVpD7KzTRtEG1I0wMPFyiyUdOO+4t8GvrnBLQSwpw==",
      "os": ["freebsd"],
      "cpu": ["x64"]
    },
    "@rollup/rollup-linux-arm-gnueabihf@4.52.4": {
      "integrity": "sha512-xRiOu9Of1FZ4SxVbB0iEDXc4ddIcjCv2aj03dmW8UrZIW7aIQ9jVJdLBIhxBI+MaTnGAKyvMwPwQnoOEvP7FgQ==",
      "os": ["linux"],
      "cpu": ["arm"]
    },
    "@rollup/rollup-linux-arm-musleabihf@4.52.4": {
      "integrity": "sha512-FbhM2p9TJAmEIEhIgzR4soUcsW49e9veAQCziwbR+XWB2zqJ12b4i/+hel9yLiD8pLncDH4fKIPIbt5238341Q==",
      "os": ["linux"],
      "cpu": ["arm"]
    },
    "@rollup/rollup-linux-arm64-gnu@4.52.4": {
      "integrity": "sha512-4n4gVwhPHR9q/g8lKCyz0yuaD0MvDf7dV4f9tHt0C73Mp8h38UCtSCSE6R9iBlTbXlmA8CjpsZoujhszefqueg==",
      "os": ["linux"],
      "cpu": ["arm64"]
    },
    "@rollup/rollup-linux-arm64-musl@4.52.4": {
      "integrity": "sha512-u0n17nGA0nvi/11gcZKsjkLj1QIpAuPFQbR48Subo7SmZJnGxDpspyw2kbpuoQnyK+9pwf3pAoEXerJs/8Mi9g==",
      "os": ["linux"],
      "cpu": ["arm64"]
    },
    "@rollup/rollup-linux-loong64-gnu@4.52.4": {
      "integrity": "sha512-0G2c2lpYtbTuXo8KEJkDkClE/+/2AFPdPAbmaHoE870foRFs4pBrDehilMcrSScrN/fB/1HTaWO4bqw+ewBzMQ==",
      "os": ["linux"],
      "cpu": ["loong64"]
    },
    "@rollup/rollup-linux-ppc64-gnu@4.52.4": {
      "integrity": "sha512-teSACug1GyZHmPDv14VNbvZFX779UqWTsd7KtTM9JIZRDI5NUwYSIS30kzI8m06gOPB//jtpqlhmraQ68b5X2g==",
      "os": ["linux"],
      "cpu": ["ppc64"]
    },
    "@rollup/rollup-linux-riscv64-gnu@4.52.4": {
      "integrity": "sha512-/MOEW3aHjjs1p4Pw1Xk4+3egRevx8Ji9N6HUIA1Ifh8Q+cg9dremvFCUbOX2Zebz80BwJIgCBUemjqhU5XI5Eg==",
      "os": ["linux"],
      "cpu": ["riscv64"]
    },
    "@rollup/rollup-linux-riscv64-musl@4.52.4": {
      "integrity": "sha512-1HHmsRyh845QDpEWzOFtMCph5Ts+9+yllCrREuBR/vg2RogAQGGBRC8lDPrPOMnrdOJ+mt1WLMOC2Kao/UwcvA==",
      "os": ["linux"],
      "cpu": ["riscv64"]
    },
    "@rollup/rollup-linux-s390x-gnu@4.52.4": {
      "integrity": "sha512-seoeZp4L/6D1MUyjWkOMRU6/iLmCU2EjbMTyAG4oIOs1/I82Y5lTeaxW0KBfkUdHAWN7j25bpkt0rjnOgAcQcA==",
      "os": ["linux"],
      "cpu": ["s390x"]
    },
    "@rollup/rollup-linux-x64-gnu@4.52.4": {
      "integrity": "sha512-Wi6AXf0k0L7E2gteNsNHUs7UMwCIhsCTs6+tqQ5GPwVRWMaflqGec4Sd8n6+FNFDw9vGcReqk2KzBDhCa1DLYg==",
      "os": ["linux"],
      "cpu": ["x64"]
    },
    "@rollup/rollup-linux-x64-musl@4.52.4": {
      "integrity": "sha512-dtBZYjDmCQ9hW+WgEkaffvRRCKm767wWhxsFW3Lw86VXz/uJRuD438/XvbZT//B96Vs8oTA8Q4A0AfHbrxP9zw==",
      "os": ["linux"],
      "cpu": ["x64"]
    },
    "@rollup/rollup-openharmony-arm64@4.52.4": {
      "integrity": "sha512-1ox+GqgRWqaB1RnyZXL8PD6E5f7YyRUJYnCqKpNzxzP0TkaUh112NDrR9Tt+C8rJ4x5G9Mk8PQR3o7Ku2RKqKA==",
      "os": ["openharmony"],
      "cpu": ["arm64"]
    },
    "@rollup/rollup-win32-arm64-msvc@4.52.4": {
      "integrity": "sha512-8GKr640PdFNXwzIE0IrkMWUNUomILLkfeHjXBi/nUvFlpZP+FA8BKGKpacjW6OUUHaNI6sUURxR2U2g78FOHWQ==",
      "os": ["win32"],
      "cpu": ["arm64"]
    },
    "@rollup/rollup-win32-ia32-msvc@4.52.4": {
      "integrity": "sha512-AIy/jdJ7WtJ/F6EcfOb2GjR9UweO0n43jNObQMb6oGxkYTfLcnN7vYYpG+CN3lLxrQkzWnMOoNSHTW54pgbVxw==",
      "os": ["win32"],
      "cpu": ["ia32"]
    },
    "@rollup/rollup-win32-x64-gnu@4.52.4": {
      "integrity": "sha512-UF9KfsH9yEam0UjTwAgdK0anlQ7c8/pWPU2yVjyWcF1I1thABt6WXE47cI71pGiZ8wGvxohBoLnxM04L/wj8mQ==",
      "os": ["win32"],
      "cpu": ["x64"]
    },
    "@rollup/rollup-win32-x64-msvc@4.52.4": {
      "integrity": "sha512-bf9PtUa0u8IXDVxzRToFQKsNCRz9qLYfR/MpECxl4mRoWYjAeFjgxj1XdZr2M/GNVpT05p+LgQOHopYDlUu6/w==",
      "os": ["win32"],
      "cpu": ["x64"]
    },
    "@tailwindcss/cli@4.1.14": {
      "integrity": "sha512-2cErQRcsI8jIObUMVwcd1H2AWgGxwzozHJk7AKM2KB1taOp7L15xQ8kEsZrvVbOjNrb8yXtnSvNtJ+mhCB7EBg==",
      "dependencies": [
        "@parcel/watcher",
        "@tailwindcss/node",
        "@tailwindcss/oxide",
        "enhanced-resolve",
        "mri",
        "picocolors",
        "tailwindcss"
      ],
      "bin": true
    },
    "@tailwindcss/node@4.1.14": {
      "integrity": "sha512-hpz+8vFk3Ic2xssIA3e01R6jkmsAhvkQdXlEbRTk6S10xDAtiQiM3FyvZVGsucefq764euO/b8WUW9ysLdThHw==",
      "dependencies": [
        "@jridgewell/remapping",
        "enhanced-resolve",
        "jiti",
        "lightningcss",
        "magic-string",
        "source-map-js",
        "tailwindcss"
      ]
    },
    "@tailwindcss/oxide-android-arm64@4.1.14": {
      "integrity": "sha512-a94ifZrGwMvbdeAxWoSuGcIl6/DOP5cdxagid7xJv6bwFp3oebp7y2ImYsnZBMTwjn5Ev5xESvS3FFYUGgPODQ==",
      "os": ["android"],
      "cpu": ["arm64"]
    },
    "@tailwindcss/oxide-darwin-arm64@4.1.14": {
      "integrity": "sha512-HkFP/CqfSh09xCnrPJA7jud7hij5ahKyWomrC3oiO2U9i0UjP17o9pJbxUN0IJ471GTQQmzwhp0DEcpbp4MZTA==",
      "os": ["darwin"],
      "cpu": ["arm64"]
    },
    "@tailwindcss/oxide-darwin-x64@4.1.14": {
      "integrity": "sha512-eVNaWmCgdLf5iv6Qd3s7JI5SEFBFRtfm6W0mphJYXgvnDEAZ5sZzqmI06bK6xo0IErDHdTA5/t7d4eTfWbWOFw==",
      "os": ["darwin"],
      "cpu": ["x64"]
    },
    "@tailwindcss/oxide-freebsd-x64@4.1.14": {
      "integrity": "sha512-QWLoRXNikEuqtNb0dhQN6wsSVVjX6dmUFzuuiL09ZeXju25dsei2uIPl71y2Ic6QbNBsB4scwBoFnlBfabHkEw==",
      "os": ["freebsd"],
      "cpu": ["x64"]
    },
    "@tailwindcss/oxide-linux-arm-gnueabihf@4.1.14": {
      "integrity": "sha512-VB4gjQni9+F0VCASU+L8zSIyjrLLsy03sjcR3bM0V2g4SNamo0FakZFKyUQ96ZVwGK4CaJsc9zd/obQy74o0Fw==",
      "os": ["linux"],
      "cpu": ["arm"]
    },
    "@tailwindcss/oxide-linux-arm64-gnu@4.1.14": {
      "integrity": "sha512-qaEy0dIZ6d9vyLnmeg24yzA8XuEAD9WjpM5nIM1sUgQ/Zv7cVkharPDQcmm/t/TvXoKo/0knI3me3AGfdx6w1w==",
      "os": ["linux"],
      "cpu": ["arm64"]
    },
    "@tailwindcss/oxide-linux-arm64-musl@4.1.14": {
      "integrity": "sha512-ISZjT44s59O8xKsPEIesiIydMG/sCXoMBCqsphDm/WcbnuWLxxb+GcvSIIA5NjUw6F8Tex7s5/LM2yDy8RqYBQ==",
      "os": ["linux"],
      "cpu": ["arm64"]
    },
    "@tailwindcss/oxide-linux-x64-gnu@4.1.14": {
      "integrity": "sha512-02c6JhLPJj10L2caH4U0zF8Hji4dOeahmuMl23stk0MU1wfd1OraE7rOloidSF8W5JTHkFdVo/O7uRUJJnUAJg==",
      "os": ["linux"],
      "cpu": ["x64"]
    },
    "@tailwindcss/oxide-linux-x64-musl@4.1.14": {
      "integrity": "sha512-TNGeLiN1XS66kQhxHG/7wMeQDOoL0S33x9BgmydbrWAb9Qw0KYdd8o1ifx4HOGDWhVmJ+Ul+JQ7lyknQFilO3Q==",
      "os": ["linux"],
      "cpu": ["x64"]
    },
    "@tailwindcss/oxide-wasm32-wasi@4.1.14": {
      "integrity": "sha512-uZYAsaW/jS/IYkd6EWPJKW/NlPNSkWkBlaeVBi/WsFQNP05/bzkebUL8FH1pdsqx4f2fH/bWFcUABOM9nfiJkQ==",
      "cpu": ["wasm32"]
    },
    "@tailwindcss/oxide-win32-arm64-msvc@4.1.14": {
      "integrity": "sha512-Az0RnnkcvRqsuoLH2Z4n3JfAef0wElgzHD5Aky/e+0tBUxUhIeIqFBTMNQvmMRSP15fWwmvjBxZ3Q8RhsDnxAA==",
      "os": ["win32"],
      "cpu": ["arm64"]
    },
    "@tailwindcss/oxide-win32-x64-msvc@4.1.14": {
      "integrity": "sha512-ttblVGHgf68kEE4om1n/n44I0yGPkCPbLsqzjvybhpwa6mKKtgFfAzy6btc3HRmuW7nHe0OOrSeNP9sQmmH9XA==",
      "os": ["win32"],
      "cpu": ["x64"]
    },
    "@tailwindcss/oxide@4.1.14": {
      "integrity": "sha512-23yx+VUbBwCg2x5XWdB8+1lkPajzLmALEfMb51zZUBYaYVPDQvBSD/WYDqiVyBIo2BZFa3yw1Rpy3G2Jp+K0dw==",
      "dependencies": [
        "detect-libc@2.1.1",
        "tar"
      ],
      "optionalDependencies": [
        "@tailwindcss/oxide-android-arm64",
        "@tailwindcss/oxide-darwin-arm64",
        "@tailwindcss/oxide-darwin-x64",
        "@tailwindcss/oxide-freebsd-x64",
        "@tailwindcss/oxide-linux-arm-gnueabihf",
        "@tailwindcss/oxide-linux-arm64-gnu",
        "@tailwindcss/oxide-linux-arm64-musl",
        "@tailwindcss/oxide-linux-x64-gnu",
        "@tailwindcss/oxide-linux-x64-musl",
        "@tailwindcss/oxide-wasm32-wasi",
        "@tailwindcss/oxide-win32-arm64-msvc",
        "@tailwindcss/oxide-win32-x64-msvc"
      ],
      "scripts": true
    },
    "@tailwindcss/vite@4.1.14_vite@7.1.9__picomatch@4.0.3": {
      "integrity": "sha512-BoFUoU0XqgCUS1UXWhmDJroKKhNXeDzD7/XwabjkDIAbMnc4ULn5e2FuEuBbhZ6ENZoSYzKlzvZ44Yr6EUDUSA==",
      "dependencies": [
        "@tailwindcss/node",
        "@tailwindcss/oxide",
        "tailwindcss",
        "vite@7.1.9_picomatch@4.0.3"
      ]
    },
    "@tailwindcss/vite@4.1.14_vite@7.1.9__picomatch@4.0.3_@types+node@24.2.0": {
      "integrity": "sha512-BoFUoU0XqgCUS1UXWhmDJroKKhNXeDzD7/XwabjkDIAbMnc4ULn5e2FuEuBbhZ6ENZoSYzKlzvZ44Yr6EUDUSA==",
      "dependencies": [
        "@tailwindcss/node",
        "@tailwindcss/oxide",
        "tailwindcss",
        "vite@7.1.9_picomatch@4.0.3_@types+node@24.2.0"
      ]
    },
    "@types/estree@1.0.8": {
      "integrity": "sha512-dWHzHa2WqEXI/O1E9OjrocMTKJl2mSrEolh1Iomrv6U+JuNwaHXsXx9bLu5gG7BUWFIN0skIQJQ/L1rIex4X6w=="
    },
    "@types/node@24.2.0": {
      "integrity": "sha512-3xyG3pMCq3oYCNg7/ZP+E1ooTaGB4cG8JWRsqqOYQdbWNY4zbaV0Ennrd7stjiJEFZCaybcIgpTjJWHRfBSIDw==",
      "dependencies": [
        "undici-types"
      ]
    },
    "braces@3.0.3": {
      "integrity": "sha512-yQbXgO/OSZVD2IsiLlro+7Hf6Q18EJrKSEsdoMzKePKXct3gvD8oLcOQdIzGupr5Fj+EDe8gO/lxc1BzfMpxvA==",
      "dependencies": [
        "fill-range"
      ]
    },
    "chownr@3.0.0": {
      "integrity": "sha512-+IxzY9BZOQd/XuYPRmrvEVjF/nqj5kgT4kEq7VofrDoM1MxoRjEWkrCC3EtLi59TVawxTAn+orJwFQcrqEN1+g=="
    },
    "create-hono@0.19.2": {
      "integrity": "sha512-Bl5mqiZaWwwNOUjLBwQtVzj066DtB6g0FrWK++C5uSM1OPZ3t//9W29xPQznyVe4p6ijY3osDeiOG4Cxlc+zGQ==",
      "bin": true
    },
    "detect-libc@1.0.3": {
      "integrity": "sha512-pGjwhsmsp4kL2RTz08wcOlGN83otlqHeD/Z5T8GXZB+/YcpQ/dgo+lbU8ZsGxV0HIvqqxo9l7mqYwyYMD9bKDg==",
      "bin": true
    },
    "detect-libc@2.1.1": {
      "integrity": "sha512-ecqj/sy1jcK1uWrwpR67UhYrIFQ+5WlGxth34WquCbamhFA6hkkwiu37o6J5xCHdo1oixJRfVRw+ywV+Hq/0Aw=="
    },
    "enhanced-resolve@5.18.3": {
      "integrity": "sha512-d4lC8xfavMeBjzGr2vECC3fsGXziXZQyJxD868h2M/mBI3PwAuODxAkLkq5HYuvrPYcUtiLzsTo8U3PgX3Ocww==",
      "dependencies": [
        "graceful-fs",
        "tapable"
      ]
    },
    "esbuild@0.25.10": {
      "integrity": "sha512-9RiGKvCwaqxO2owP61uQ4BgNborAQskMR6QusfWzQqv7AZOg5oGehdY2pRJMTKuwxd1IDBP4rSbI5lHzU7SMsQ==",
      "optionalDependencies": [
        "@esbuild/aix-ppc64",
        "@esbuild/android-arm",
        "@esbuild/android-arm64",
        "@esbuild/android-x64",
        "@esbuild/darwin-arm64",
        "@esbuild/darwin-x64",
        "@esbuild/freebsd-arm64",
        "@esbuild/freebsd-x64",
        "@esbuild/linux-arm",
        "@esbuild/linux-arm64",
        "@esbuild/linux-ia32",
        "@esbuild/linux-loong64",
        "@esbuild/linux-mips64el",
        "@esbuild/linux-ppc64",
        "@esbuild/linux-riscv64",
        "@esbuild/linux-s390x",
        "@esbuild/linux-x64",
        "@esbuild/netbsd-arm64",
        "@esbuild/netbsd-x64",
        "@esbuild/openbsd-arm64",
        "@esbuild/openbsd-x64",
        "@esbuild/openharmony-arm64",
        "@esbuild/sunos-x64",
        "@esbuild/win32-arm64",
        "@esbuild/win32-ia32",
        "@esbuild/win32-x64"
      ],
      "scripts": true,
      "bin": true
    },
    "fdir@6.5.0_picomatch@4.0.3": {
      "integrity": "sha512-tIbYtZbucOs0BRGqPJkshJUYdL+SDH7dVM8gjy+ERp3WAUjLEFJE+02kanyHtwjWOnwrKYBiwAmM0p4kLJAnXg==",
      "dependencies": [
        "picomatch@4.0.3"
      ],
      "optionalPeers": [
        "picomatch@4.0.3"
      ]
    },
    "fill-range@7.1.1": {
      "integrity": "sha512-YsGpe3WHLK8ZYi4tWDg2Jy3ebRz2rXowDxnld4bkQB00cc/1Zw9AWnC0i9ztDJitivtQvaI9KaLyKrc+hBW0yg==",
      "dependencies": [
        "to-regex-range"
      ]
    },
    "fs-ext@2.0.0": {
      "integrity": "sha512-aK8NlpSO5LUdSoWeshpnkgtptbua1rGo58Wc+mHQ2+JnoBlubMTsnV56Swl4bA0msrgAhG8TDu1aGS8deJwzBQ==",
      "dependencies": [
        "nan"
      ],
      "scripts": true
    },
    "fsevents@2.3.3": {
      "integrity": "sha512-5xoDfX+fL7faATnagmWPpbFtwh/R77WmMMqqHGS65C3vvB0YHrgF+B1YmZ3441tMj5n63k0212XNoJwzlhffQw==",
      "os": ["darwin"],
      "scripts": true
    },
    "graceful-fs@4.2.11": {
      "integrity": "sha512-RbJ5/jmFcNNCcDV5o9eTnBLJ/HszWV0P73bc+Ff4nS/rJj+YaS6IGyiOL0VoBYX+l1Wrl3k63h/KrH+nhJ0XvQ=="
    },
    "is-extglob@2.1.1": {
      "integrity": "sha512-SbKbANkN603Vi4jEZv49LeVJMn4yGwsbzZworEoyEiutsN3nJYdbO36zfhGJ6QEDpOZIFkDtnq5JRxmvl3jsoQ=="
    },
    "is-glob@4.0.3": {
      "integrity": "sha512-xelSayHH36ZgE7ZWhli7pW34hNbNl8Ojv5KVmkJD4hBdD3th8Tfk9vYasLM+mXWOZhFkgZfxhLSnrwRr4elSSg==",
      "dependencies": [
        "is-extglob"
      ]
    },
    "is-number@7.0.0": {
      "integrity": "sha512-41Cifkg6e8TylSpdtTpeLVMqvSBEVzTttHvERD741+pnZ8ANv0004MRL43QKPDlK9cGvNp6NZWZUBlbGXYxxng=="
    },
    "jiti@2.6.1": {
      "integrity": "sha512-ekilCSN1jwRvIbgeg/57YFh8qQDNbwDb9xT/qu2DAHbFFZUicIl4ygVaAvzveMhMVr3LnpSKTNnwt8PoOfmKhQ==",
      "bin": true
    },
    "lightningcss-darwin-arm64@1.30.1": {
      "integrity": "sha512-c8JK7hyE65X1MHMN+Viq9n11RRC7hgin3HhYKhrMyaXflk5GVplZ60IxyoVtzILeKr+xAJwg6zK6sjTBJ0FKYQ==",
      "os": ["darwin"],
      "cpu": ["arm64"]
    },
    "lightningcss-darwin-x64@1.30.1": {
      "integrity": "sha512-k1EvjakfumAQoTfcXUcHQZhSpLlkAuEkdMBsI/ivWw9hL+7FtilQc0Cy3hrx0AAQrVtQAbMI7YjCgYgvn37PzA==",
      "os": ["darwin"],
      "cpu": ["x64"]
    },
    "lightningcss-freebsd-x64@1.30.1": {
      "integrity": "sha512-kmW6UGCGg2PcyUE59K5r0kWfKPAVy4SltVeut+umLCFoJ53RdCUWxcRDzO1eTaxf/7Q2H7LTquFHPL5R+Gjyig==",
      "os": ["freebsd"],
      "cpu": ["x64"]
    },
    "lightningcss-linux-arm-gnueabihf@1.30.1": {
      "integrity": "sha512-MjxUShl1v8pit+6D/zSPq9S9dQ2NPFSQwGvxBCYaBYLPlCWuPh9/t1MRS8iUaR8i+a6w7aps+B4N0S1TYP/R+Q==",
      "os": ["linux"],
      "cpu": ["arm"]
    },
    "lightningcss-linux-arm64-gnu@1.30.1": {
      "integrity": "sha512-gB72maP8rmrKsnKYy8XUuXi/4OctJiuQjcuqWNlJQ6jZiWqtPvqFziskH3hnajfvKB27ynbVCucKSm2rkQp4Bw==",
      "os": ["linux"],
      "cpu": ["arm64"]
    },
    "lightningcss-linux-arm64-musl@1.30.1": {
      "integrity": "sha512-jmUQVx4331m6LIX+0wUhBbmMX7TCfjF5FoOH6SD1CttzuYlGNVpA7QnrmLxrsub43ClTINfGSYyHe2HWeLl5CQ==",
      "os": ["linux"],
      "cpu": ["arm64"]
    },
    "lightningcss-linux-x64-gnu@1.30.1": {
      "integrity": "sha512-piWx3z4wN8J8z3+O5kO74+yr6ze/dKmPnI7vLqfSqI8bccaTGY5xiSGVIJBDd5K5BHlvVLpUB3S2YCfelyJ1bw==",
      "os": ["linux"],
      "cpu": ["x64"]
    },
    "lightningcss-linux-x64-musl@1.30.1": {
      "integrity": "sha512-rRomAK7eIkL+tHY0YPxbc5Dra2gXlI63HL+v1Pdi1a3sC+tJTcFrHX+E86sulgAXeI7rSzDYhPSeHHjqFhqfeQ==",
      "os": ["linux"],
      "cpu": ["x64"]
    },
    "lightningcss-win32-arm64-msvc@1.30.1": {
      "integrity": "sha512-mSL4rqPi4iXq5YVqzSsJgMVFENoa4nGTT/GjO2c0Yl9OuQfPsIfncvLrEW6RbbB24WtZ3xP/2CCmI3tNkNV4oA==",
      "os": ["win32"],
      "cpu": ["arm64"]
    },
    "lightningcss-win32-x64-msvc@1.30.1": {
      "integrity": "sha512-PVqXh48wh4T53F/1CCu8PIPCxLzWyCnn/9T5W1Jpmdy5h9Cwd+0YQS6/LwhHXSafuc61/xg9Lv5OrCby6a++jg==",
      "os": ["win32"],
      "cpu": ["x64"]
    },
    "lightningcss@1.30.1": {
      "integrity": "sha512-xi6IyHML+c9+Q3W0S4fCQJOym42pyurFiJUHEcEyHS0CeKzia4yZDEsLlqOFykxOdHpNy0NmvVO31vcSqAxJCg==",
      "dependencies": [
        "detect-libc@2.1.1"
      ],
      "optionalDependencies": [
        "lightningcss-darwin-arm64",
        "lightningcss-darwin-x64",
        "lightningcss-freebsd-x64",
        "lightningcss-linux-arm-gnueabihf",
        "lightningcss-linux-arm64-gnu",
        "lightningcss-linux-arm64-musl",
        "lightningcss-linux-x64-gnu",
        "lightningcss-linux-x64-musl",
        "lightningcss-win32-arm64-msvc",
        "lightningcss-win32-x64-msvc"
      ]
    },
    "magic-string@0.30.19": {
      "integrity": "sha512-2N21sPY9Ws53PZvsEpVtNuSW+ScYbQdp4b9qUaL+9QkHUrGFKo56Lg9Emg5s9V/qrtNBmiR01sYhUOwu3H+VOw==",
      "dependencies": [
        "@jridgewell/sourcemap-codec"
      ]
    },
    "micromatch@4.0.8": {
      "integrity": "sha512-PXwfBhYu0hBCPw8Dn0E+WDYb7af3dSLVWKi3HGv84IdF4TyFoC0ysxFd0Goxw7nSv4T/PzEJQxsYsEiFCKo2BA==",
      "dependencies": [
        "braces",
        "picomatch@2.3.1"
      ]
    },
    "minipass@7.1.2": {
      "integrity": "sha512-qOOzS1cBTWYF4BH8fVePDBOO9iptMnGUEZwNc/cMWnTV2nVLZ7VoNWEPHkYczZA0pdoA7dl6e7FL659nX9S2aw=="
    },
    "minizlib@3.1.0": {
      "integrity": "sha512-KZxYo1BUkWD2TVFLr0MQoM8vUUigWD3LlD83a/75BqC+4qE0Hb1Vo5v1FgcfaNXvfXzr+5EhQ6ing/CaBijTlw==",
      "dependencies": [
        "minipass"
      ]
    },
    "mri@1.2.0": {
      "integrity": "sha512-tzzskb3bG8LvYGFF/mDTpq3jpI6Q9wc3LEmBaghu+DdCssd1FakN7Bc0hVNmEyGq1bq3RgfkCb3cmQLpNPOroA=="
    },
    "nan@2.23.0": {
      "integrity": "sha512-1UxuyYGdoQHcGg87Lkqm3FzefucTa0NAiOcuRsDmysep3c1LVCRK2krrUDafMWtjSG04htvAmvg96+SDknOmgQ=="
    },
    "nanoid@3.3.11": {
      "integrity": "sha512-N8SpfPUnUp1bK+PMYW8qSWdl9U+wwNWI4QKxOYDy9JAro3WMX7p2OeVRF9v+347pnakNevPmiHhNmZ2HbFA76w==",
      "bin": true
    },
    "node-addon-api@7.1.1": {
      "integrity": "sha512-5m3bsyrjFWE1xf7nz7YXdN4udnVtXK6/Yfgn5qnahL6bCkf2yKt4k3nuTKAtT4r3IG8JNR2ncsIMdZuAzJjHQQ=="
    },
    "picocolors@1.1.1": {
      "integrity": "sha512-xceH2snhtb5M9liqDsmEw56le376mTZkEX/jEb/RxNFyegNul7eNslCXP9FDj/Lcu0X8KEyMceP2ntpaHrDEVA=="
    },
    "picomatch@2.3.1": {
      "integrity": "sha512-JU3teHTNjmE2VCGFzuY8EXzCDVwEqB2a8fsIvwaStHhAWJEeVd1o1QD80CU6+ZdEXXSLbSsuLwJjkCBWqRQUVA=="
    },
    "picomatch@4.0.3": {
      "integrity": "sha512-5gTmgEY/sqK6gFXLIsQNH19lWb4ebPDLA4SdLP7dsWkIXHWlG66oPuVvXSGFPppYZz8ZDZq0dYYrbHfBCVUb1Q=="
    },
    "postcss@8.5.6": {
      "integrity": "sha512-3Ybi1tAuwAP9s0r1UQ2J4n5Y0G05bJkpUIO0/bI9MhwmD70S5aTWbXGBwxHrelT+XM1k6dM0pk+SwNkpTRN7Pg==",
      "dependencies": [
        "nanoid",
        "picocolors",
        "source-map-js"
      ]
    },
    "rollup@4.52.4": {
      "integrity": "sha512-CLEVl+MnPAiKh5pl4dEWSyMTpuflgNQiLGhMv8ezD5W/qP8AKvmYpCOKRRNOh7oRKnauBZ4SyeYkMS+1VSyKwQ==",
      "dependencies": [
        "@types/estree"
      ],
      "optionalDependencies": [
        "@rollup/rollup-android-arm-eabi",
        "@rollup/rollup-android-arm64",
        "@rollup/rollup-darwin-arm64",
        "@rollup/rollup-darwin-x64",
        "@rollup/rollup-freebsd-arm64",
        "@rollup/rollup-freebsd-x64",
        "@rollup/rollup-linux-arm-gnueabihf",
        "@rollup/rollup-linux-arm-musleabihf",
        "@rollup/rollup-linux-arm64-gnu",
        "@rollup/rollup-linux-arm64-musl",
        "@rollup/rollup-linux-loong64-gnu",
        "@rollup/rollup-linux-ppc64-gnu",
        "@rollup/rollup-linux-riscv64-gnu",
        "@rollup/rollup-linux-riscv64-musl",
        "@rollup/rollup-linux-s390x-gnu",
        "@rollup/rollup-linux-x64-gnu",
        "@rollup/rollup-linux-x64-musl",
        "@rollup/rollup-openharmony-arm64",
        "@rollup/rollup-win32-arm64-msvc",
        "@rollup/rollup-win32-ia32-msvc",
        "@rollup/rollup-win32-x64-gnu",
        "@rollup/rollup-win32-x64-msvc",
        "fsevents"
      ],
      "bin": true
    },
    "source-map-js@1.2.1": {
      "integrity": "sha512-UXWMKhLOwVKb728IUtQPXxfYU+usdybtUrK/8uGE8CQMvrhOpwvzDBwj0QhSL7MQc7vIsISBG8VQ8+IDQxpfQA=="
    },
    "tailwindcss@4.1.14": {
      "integrity": "sha512-b7pCxjGO98LnxVkKjaZSDeNuljC4ueKUddjENJOADtubtdo8llTaJy7HwBMeLNSSo2N5QIAgklslK1+Ir8r6CA=="
    },
    "tapable@2.3.0": {
      "integrity": "sha512-g9ljZiwki/LfxmQADO3dEY1CbpmXT5Hm2fJ+QaGKwSXUylMybePR7/67YW7jOrrvjEgL1Fmz5kzyAjWVWLlucg=="
    },
    "tar@7.5.1": {
      "integrity": "sha512-nlGpxf+hv0v7GkWBK2V9spgactGOp0qvfWRxUMjqHyzrt3SgwE48DIv/FhqPHJYLHpgW1opq3nERbz5Anq7n1g==",
      "dependencies": [
        "@isaacs/fs-minipass",
        "chownr",
        "minipass",
        "minizlib",
        "yallist"
      ]
    },
    "tinyglobby@0.2.15_picomatch@4.0.3": {
      "integrity": "sha512-j2Zq4NyQYG5XMST4cbs02Ak8iJUdxRM0XI5QyxXuZOzKOINmWurp3smXu3y5wDcJrptwpSjgXHzIQxR0omXljQ==",
      "dependencies": [
        "fdir",
        "picomatch@4.0.3"
      ]
    },
    "to-regex-range@5.0.1": {
      "integrity": "sha512-65P7iz6X5yEr1cwcgvQxbbIw7Uk3gOy5dIdtZ4rDveLqhrdJP+Li/Hx6tyK0NEb+2GCyneCMJiGqrADCSNk8sQ==",
      "dependencies": [
        "is-number"
      ]
    },
    "undici-types@7.10.0": {
      "integrity": "sha512-t5Fy/nfn+14LuOc2KNYg75vZqClpAiqscVvMygNnlsHBFpSXdJaYtXMcdNLpl/Qvc3P2cB3s6lOV51nqsFq4ag=="
    },
    "vite@7.1.9_picomatch@4.0.3": {
      "integrity": "sha512-4nVGliEpxmhCL8DslSAUdxlB6+SMrhB0a1v5ijlh1xB1nEPuy1mxaHxysVucLHuWryAxLWg6a5ei+U4TLn/rFg==",
      "dependencies": [
        "esbuild",
        "fdir",
        "picomatch@4.0.3",
        "postcss",
        "rollup",
        "tinyglobby"
      ],
      "optionalDependencies": [
        "fsevents"
      ],
      "bin": true
    },
    "vite@7.1.9_picomatch@4.0.3_@types+node@24.2.0": {
      "integrity": "sha512-4nVGliEpxmhCL8DslSAUdxlB6+SMrhB0a1v5ijlh1xB1nEPuy1mxaHxysVucLHuWryAxLWg6a5ei+U4TLn/rFg==",
      "dependencies": [
        "@types/node",
        "esbuild",
        "fdir",
        "picomatch@4.0.3",
        "postcss",
        "rollup",
        "tinyglobby"
      ],
      "optionalDependencies": [
        "fsevents"
      ],
      "optionalPeers": [
        "@types/node"
      ],
      "bin": true
    },
    "yallist@5.0.0": {
      "integrity": "sha512-YgvUTfwqyc7UXVMrB+SImsVYSmTS8X/tSrtdNZMImM+n7+QTriRXyXim0mBrTXNeqzVF0KWGgHPeiyViFFrNDw=="
    }
  },
  "workspace": {
    "dependencies": [
      "jsr:@hono/hono@^4.9.9",
      "jsr:@spawn/git@^0.0.1",
      "jsr:@std/collections@^1.1.3",
      "jsr:@std/dotenv@~0.225.5",
      "npm:@tailwindcss/cli@^4.1.14",
      "npm:@tailwindcss/vite@^4.1.14",
      "npm:tailwindcss@^4.1.14",
      "npm:vite@^7.1.9"
    ]
  }
}
